# This file was autogenerated by uv via the following command:
#    TORCHTITAN_ROOTFS_NETWORK=networked scripts/rootfs/enter_rootfs.sh -- bash -lc 'cd /workspace/torchtitan && uv pip compile --no-deps --generate-hashes --python-platform x86_64-manylinux_2_39 --python-version 3.12 --output-file experiments/modded_nanogpt_b200/runtime/requirements.lock experiments/modded_nanogpt_b200/runtime/requirements.direct.txt'
datasets==5.0.1 \
    --hash=sha256:9fbf73688f8c18f7529b4fe592abd04015f81d1e58001e4bac73ffb2b39d7cc4 \
    --hash=sha256:ce22bb851efd7494f08aad33b940803784434f6e77763d00679a0dc45fcf686a
    # via -r experiments/modded_nanogpt_b200/runtime/requirements.direct.txt
flash-attn==2.8.3.post1 \
    --hash=sha256:55d5103ed846da8b56e0797acf4bde07dee4b1c7e8907fcfc6699c203030c348
    # via -r experiments/modded_nanogpt_b200/runtime/requirements.direct.txt
huggingface-hub==1.28.0 \
    --hash=sha256:46a2e950c09234de54093d587d1675382f0d08dbd600d9fb599b5932f5b2c6cb \
    --hash=sha256:58a8bacb03072edfc38067065e9dc24bbb34805410fcd36a1632de0b329660bb
    # via -r experiments/modded_nanogpt_b200/runtime/requirements.direct.txt
kernels==0.16.0 \
    --hash=sha256:5a4118396b9866209e767973d697d3f2ee76f6ed1b2f72269b72f8cd4dc90a7f \
    --hash=sha256:794af6a10fd888bb4f46ad1b9b2f4f61b5b0b104475a6415c5322b58a7bf02ed
    # via -r experiments/modded_nanogpt_b200/runtime/requirements.direct.txt
numpy==2.5.2 \
    --hash=sha256:0090ccdd57ec2703e9b49d0bf554767370581c1dd0a6b2bb2b2d9def317d042a \
    --hash=sha256:078f9b027b478c9379b9677babbf0f8b8f1ecfada27636d7b9a93990c638739f \
    --hash=sha256:07d4e89f3a9ab0a9ba24264ccdb642b3dd951b2281e8883a5481a4aa79cc31a7 \
    --hash=sha256:0a4035ae1129ff8777f08bfbd44f1e5d8e9c049ce0c2dd78fc0d92c13e7251c0 \
    --hash=sha256:0aadf13b60048d501e05fa699efaf7734e2494f3498a4c2a5521d822640324f3 \
    --hash=sha256:14e373cfc6387177e8409dac3c7159be8eb05cd77096cd7c950268b86f62831c \
    --hash=sha256:1ab3d4a901f844ea836c3e80bf463c6a27d7f3c14e8e292fcf28d348b25b9bce \
    --hash=sha256:24b9dc2e3d84aa58523798805194e23e736f3f6ce2d1a5b92583ae734e6dbda8 \
    --hash=sha256:27650bb0e7140fa3d37b9923b4803645e0b125d190f326eecfd3f4dad8e8ade1 \
    --hash=sha256:28ac63476ec7651484215ee7fa15a1f78b57c14621f01e392afe17b9a1390ce4 \
    --hash=sha256:29b86ff8a6cc556b47ec6b64b194815cc80e6bf5eedcc6cddfd65318cb0b4eee \
    --hash=sha256:29d81e97f668489cba8ebfd796b9bdd453525d35dd9e162e2daec94bf3fc7740 \
    --hash=sha256:2cc779226e476d1e1f08c74068c419e60f41a9e0e069c92f6671d31d5c985e98 \
    --hash=sha256:2ffa7bacab3e2ee1b19ed31766bb60bb380b68c23f051e199c5cc598afd68710 \
    --hash=sha256:318b9a4c845dbea06708a29c84ee429cc3065048db34cdb799047643492050ee \
    --hash=sha256:34c319e2963be042673fb46570501b2f06c41924e17e3563d58646b4380dfb68 \
    --hash=sha256:3a2f061cebd9e3d23bdcfaaded5e2293a4c6a5b60fa42df85d410a725ce621bf \
    --hash=sha256:3cdec01fa790a186d430433fdd4d4ffb70eed6f0eeb4bf05c8dbe2dce0a9bcb8 \
    --hash=sha256:3e4c367352d3747784248a227fbec218e193b56f7e6692e3b64fc805478ecfdf \
    --hash=sha256:40f4d451aed46a8046a1aae41c4e55fb3612273df9c502480135e1501576a34b \
    --hash=sha256:44ef9675d908e65f9953063837c3277730f3f4437615a4cdab67b366cabaf884 \
    --hash=sha256:4bbd96c833ecc8cc069ce518078fc8c60cb9cbfb0fea5b7a803ad65035596d03 \
    --hash=sha256:4ec954036759bcee3aa484f8603bd9c14f3e776293b85578b8734c2d72777c69 \
    --hash=sha256:4f9744f9fbdcea0bc552e8f19e1f141f811a3f9bc2be2cc6e86d982cab23e3f4 \
    --hash=sha256:50a68f4bacd8a2b33d8da3d2269d0d78500f86ea582e4786dc10f5ef2c2c6842 \
    --hash=sha256:50e500dc868e9313530ce12ba470fe50ff3afe3d62993ed6eff652dacd555b65 \
    --hash=sha256:52c808f96484f5571a5cc863775ce50247c17dfb3b0361f8ed6b4b0456f80080 \
    --hash=sha256:5f8e00be2ec6f45f4e8a41a527f68d44a7d96fee92a650e4d8b1326f77f61e6e \
    --hash=sha256:60e902ac295855348a5ca2ea4c89108989a9f5fddfad3dfc0a8f36b10358567e \
    --hash=sha256:65f188481f1669e26f62b701e8205d19e460fa4a9b52a1414ba382330e4a3414 \
    --hash=sha256:6950c4b7dd562453090548ba7f5da7e59f57f85663f15d5dcc60e249192f7e59 \
    --hash=sha256:6a9bb119fb8dd21ba30b3f0e555b7e2b081bd9883af21ec9c1c633d161cda3a8 \
    --hash=sha256:6b588cc8f902d6bff201c19fd00c43ab8545671e3554d014e12e14139e5e8617 \
    --hash=sha256:6df895598c0edcb41030126c89e0f353b07d93238116143b7405e937359736c4 \
    --hash=sha256:6e8172ddfcf5cf74b811d372b570b83c60bd2de87a6fbfbebdadb4a9bd9c6cbb \
    --hash=sha256:7354826bc6f8f69402e9b7fe28d15fcd34feebd74f856f111585c5b0c9fb0251 \
    --hash=sha256:7587f53dfbd5edc0f7b87c6217b4c6d2d1f2ef9c3da70bc1315e7db5f8d7ec9d \
    --hash=sha256:77843ca236b777e67f8d6b3660ea116e499612703a0ecd7093f316201eb9d8e2 \
    --hash=sha256:7999d4ddb0c4025018373fd787510d46e04c769467af22869707b3c1cfd459ab \
    --hash=sha256:85aaccb24182c25df891ad0ec333585967e115269d5f1b17f2c9ae005bc96657 \
    --hash=sha256:8e4cb9a754c8a0c62eaa88273a5fba3391f4a610d1dee893c0755da31c083f15 \
    --hash=sha256:8ee9c4eeb8454b3660a8b53493563c3e121c2fc94fbd72b848ef814ed7b676a9 \
    --hash=sha256:9a0731745a72a184490a582fb4af2533512bd071ace67785b5fdffc0ae58dce8 \
    --hash=sha256:9e9413326d726c2545bfa65d2c0876871e8d8386e77f992c1d426e180bbd4323 \
    --hash=sha256:a610dc7e3c52edd39c2bc2375ff9c3fd59cb3ad00e4472d36f83bc1457145788 \
    --hash=sha256:a839318485284a6fb31be4f8f2c91c8f2cb22f4543c4a8903f12b0671ffe07cc \
    --hash=sha256:afb3f0632d6b2e3ba04dbce8d1e48d321b369138b73830b5ca371a0e8d479d56 \
    --hash=sha256:b879fb674276e331513fb136b78dbc6bd3c848309e0d841cfd63be3896c4cfc1 \
    --hash=sha256:b9727f472d2f3888053b8a75ab0cb94745a9de224bb5846dbadc0092101bc71d \
    --hash=sha256:ba0a474801b8dc67b66bf465548abc90e82b44d2611b5770f33008dcabffe8ec \
    --hash=sha256:bd68ece1553d2023c09a4226d9e41c586ad2d20594d1a456186c33513d2cb3f2 \
    --hash=sha256:c081cbe16ba1ab53078e5ff29013621e33c509eedab055775d956427712c236e \
    --hash=sha256:c1f017dc0875c9209d219f97feceb7d54c2661bb243deb4114478e1295808af7 \
    --hash=sha256:cebc2d6dbb605a7703d59751dea4bd6b0ab127a5a4338a6f432df1936fef8b26 \
    --hash=sha256:cf7de32f486e4ac9e2d93b810f9e9ac72a728dd46a32a0bb403222f27f653514 \
    --hash=sha256:d482d171c406ae88c5b19cad3b6a1c4c5209f886ab74bc44c2c865c23f52d860 \
    --hash=sha256:d6a48072864e3324e194a8fbb3c657bcc5b5c869dbc64c9537b1d5c862572c0a \
    --hash=sha256:d787cf769c3baeb5f6235e778edb52c08dfa923789b5958f28e6450f96107cb1 \
    --hash=sha256:dc649493697006bc90614a5f0bbc8cb3cb1866715c474e473694968d7e6b99ab \
    --hash=sha256:ddf47472af2e4280d79bac82304f5e80150211f1b9e614b760061d5fdfbb6eba \
    --hash=sha256:e5651f3f87add730ee6608d915009e19c911fba0cb000c7e3ea994b7d768eb12 \
    --hash=sha256:e79aba74ffaf5f78a050d777c184cddf8fdffabab38acf5f3ef1fecbc17895d6 \
    --hash=sha256:eaa088384c46f519dacb93b7ec483a6d6b19a4a2085ae4f25ab9b1c43d387d1e \
    --hash=sha256:eaca7ff36f0f52e2111ec71f169d8fd3e889e7ddc0d2592e0d703fd8d3ce8fac \
    --hash=sha256:f06571a052127dc1b4e8b83029b4d1b20daa2b64a31cdd181fc6bc774e9000eb \
    --hash=sha256:fd0d703772bba096843785bd38371e31bb4a0c1151497ad5739d182114a73f7f
    # via -r experiments/modded_nanogpt_b200/runtime/requirements.direct.txt
setuptools==84.0.0 \
    --hash=sha256:51a52592b3b99e102b609654876bd65f19f999935166d1352678931132b0c670 \
    --hash=sha256:f4695c21257f0d9b537ec2692c941d02ee143b7cc1276941349a546573b2ef73
    # via -r experiments/modded_nanogpt_b200/runtime/requirements.direct.txt
tiktoken==0.14.0 \
    --hash=sha256:087538c080e5ff421abd3a0785ed63c5111d06af98e6cd0d374dbe5969147ca3 \
    --hash=sha256:10f31e63e40313f2e518d87f7086cfa44e45f64cc14d8ae14103b41220c30a14 \
    --hash=sha256:11d8211b290855d2721334ff17dd9b3a17bfb26872be01f25d73612ef7ece890 \
    --hash=sha256:144a3fc369f92b7d548995217c5d6e84038d3572157a0f6f34080d65291d0f78 \
    --hash=sha256:149d97453c4c98c04b081d64a85e635921269b532710d6faf81e9e82b790e7d3 \
    --hash=sha256:14b47e3674f2624803a8acc8fb367b7e24fc53055f9df3296482fe9a3a34a232 \
    --hash=sha256:151d37a150c8f3dfc5f4345597b10e101876bd1bd13494e0185af6b508758d2e \
    --hash=sha256:18a1b651c4b032004bf7b4f1713391a54b2a341a52c6e8a2b59acae9d16e13c7 \
    --hash=sha256:19d643d701fdaa70e5b9c7f8f96abcaffe77ca5e482a3a1a7dde46feb4284695 \
    --hash=sha256:1b6e4adcfd285c44502aed51df98aaaca4f0fea028165dbf8a9e857b9f98d8ea \
    --hash=sha256:1f83081065ee5833d35b49e9180f3d8d15622a603dd1c435da0da6cc12b3662f \
    --hash=sha256:2157f52e4b4d7ac5ecc7457b3716834706e7ef9a46f5144029bfeb7cf71f4e06 \
    --hash=sha256:231dec90efcdccf1b565a1416107736f1e09b1a08fe736ef9d6363e626d03874 \
    --hash=sha256:26cc4b4840fa0e9f4b72ed489883e12f57e00d1021ca794720e3c29a12f0edef \
    --hash=sha256:26e60f6a956ee171ab728b37b8439905d7ea1db435c30f9822f291e9861c861d \
    --hash=sha256:2cc19ac87b41c9493c9778ff5847f0c8bbcf5bd0ec6b87ce06c1c802adc8a771 \
    --hash=sha256:2ea70afba6b9eddbf22c165142e5f0a2ad7aa36a452873c48b57bb2aeb8492ae \
    --hash=sha256:2ec16eb585332c55d022d86354e209ddf27326b1ea3477585ab248e7776d3b1f \
    --hash=sha256:2fc834fbe3f6a0736905c36ab709537e6840dbd63b982dc9e0216ae7d305ba1a \
    --hash=sha256:380873f330b741c4435574f37edb20813d04603ace2d53e0a63560e1fec83010 \
    --hash=sha256:3b12e54f8bec91433e41aff65d8d1f209a4f678081163747079806e5361f6c91 \
    --hash=sha256:3c5349c9f916283bba32bec8af69b763e4faa304dc004d0eaaea66a3cf004c1f \
    --hash=sha256:3de75343041a1c57333b1e707ac8a9769738241d7d6a55d39e12cf84548337c6 \
    --hash=sha256:3fd7c14b1cb45b486c39fc9b3443bb341f3e2fc7e6f31247f3435a5836651632 \
    --hash=sha256:447ada49af4898b5e992f0b5799d2f3af385921102c211947ce3fe960dd919da \
    --hash=sha256:4d8d91d68353bd167fdf26467e5ff9e56aaa5f87d6410c0238608629e4dc0d33 \
    --hash=sha256:50a7e5646cbac2a8f7c3e8c0934ffda1a4357ee9c44b652434b23c3ed54d0900 \
    --hash=sha256:561e7580f84a79859af1ef6f676968e9030fcc3fe195700b15235bca64f009c9 \
    --hash=sha256:60c47ca69ddda0dea8256fffd12e1b86f4b59734a20e4a70c61f63cc5f021df4 \
    --hash=sha256:6eb94895c45f26bb8f5546e5fd8a069efcf6e3f108ea9d5cbe3bf6f7f3983438 \
    --hash=sha256:728303a072163130c5b477b1f20d6211895569c1d5302c24ffc93a3009160871 \
    --hash=sha256:78571efc311c30b73f31eb949a921d6dac39a5d9dc42d1cfa8f8db157b3447b1 \
    --hash=sha256:7896eea257fe497a2b7134474d909156c6744ce8da35bce88011a960e008aa0d \
    --hash=sha256:7aab286a020660a039097912a088236b985d18a3090d73f136c4413d29d37ca0 \
    --hash=sha256:7b7acbb7a4b8383707bce22ad3c162006478c27b56368acd3e1fcb1658a80425 \
    --hash=sha256:7db45b98e94adf4173a5cd7422b150999a7ee11ff847783a14f6e1b80cc38cb6 \
    --hash=sha256:86951a971c53979ec857bd8c4a32dc227ab0fd33f6c12a3bd62d3fbf5f0bfcaa \
    --hash=sha256:86f66c85e796f5d05d5c4a60ec1d40cbfebc47a32464053528c797163fa9ab89 \
    --hash=sha256:8e947aefe98ef74cce94923f90e48c98fe34eb1ec0a6bfdfadfc5a96359bfc36 \
    --hash=sha256:90a762670c7f968184723769a06ed51f5cf5ce5dcd1e30164f25c72d85c2d1f1 \
    --hash=sha256:94f77b60a8ab23580db19ae822744c9716c1720020d2179ca5605112d12326f1 \
    --hash=sha256:979c1524f753b662b0f3cd261b135afe6659cce33caaa7a5ea00dd1756b3055c \
    --hash=sha256:a140e83317fef02faeeb78d9a8efac623887f2feaf0055c55dcdb2b17f0226ad \
    --hash=sha256:aa428a559d5fd02ae619aacaace86c7474a1f2702d2c01fc828908dd60f20f7a \
    --hash=sha256:b950248272f1b303dc32986396e2dccfa10cf6d1e83ec8f0bba1776660305482 \
    --hash=sha256:c2edf09b381fafbc014ae8e018ed25087abb9a3dafa8465a0ea63c6558c47a79 \
    --hash=sha256:c3093001ddce822b4587e6e94bf6de36a5f97b3f31de1c9fc8d4fda144c59ff4 \
    --hash=sha256:c6cb9896a82b9ee44e15ba0b5c8044072f2e4d48acaa704c8d3feeef5ad9487c \
    --hash=sha256:c77d4a3e1deb2707819df92046b89aad1ac81d27e07616b797cbff3f62c037da \
    --hash=sha256:ca4db6ff5c5bf600f9b7761a0070ed44dfe5797a76bd432fb978bc480ef40c58 \
    --hash=sha256:cbe2cc3bba939bcdaf103e03df9d5039d33887080b315624be28ec69059e5f94 \
    --hash=sha256:cd8ca1305c1c902fe42c486165f2e4808d9997625c98ffb05b9e0366d99d3948 \
    --hash=sha256:d0781223705199b289faa59601bb9c2441712d4c600dd13c43d8fd6a33d22cd5 \
    --hash=sha256:d6cebe67765569df3dafac8474e4eccf5c19d24140492567a5e58a11445732a4 \
    --hash=sha256:e067f4cbcc5d036e8aff7fe7a6b530a8f4de2e4616ad9005a24a1879e24e6450 \
    --hash=sha256:e2eca764c53490f8930dbce329e0769f11108d87d908282a80c5c130e26e7037 \
    --hash=sha256:e3442bbb2f0c588cec876061e37ae67b455b9df9978b003c8fe30e45f2ef5b42 \
    --hash=sha256:e4ddf863b59347deaa92302dcd90e5eb003cdc9be06ec2b692c38d1bdd9efd49 \
    --hash=sha256:e9c5fe393aab56469f04e432ff851216d3def3436cf5f07e442a240164bf500f \
    --hash=sha256:eceeff0c62419bc78d4b6e70a4762a4d25df3ae8f2d5946e3853ce93e7a57098 \
    --hash=sha256:f2af4a336ea56d6c14f27741a0e1d8294a35dd0b038bcf990d232ebb54eb994b \
    --hash=sha256:f3d6cf93fbe2e7117eb7bedca684216fbe328a41f0843ce34245451d8eb2df1c \
    --hash=sha256:f5e7665f6624e052e5e7f6a36919ab69279decdc976d7b16b4fa15e1897d0513 \
    --hash=sha256:f702e0aeeb6506e57687e881c59e844ebe8f0a6a097ddafe20e3ab25f387be4e
    # via -r experiments/modded_nanogpt_b200/runtime/requirements.direct.txt
tqdm==4.70.0 \
    --hash=sha256:55b0b0dbd97462d06ebee91e4dac24ed4d4702be82b24f07e6c1d27e08cea220 \
    --hash=sha256:7f585706bfddbdebf89daac705b2dfcc16890130727d3197ca62c732b4310953
    # via -r experiments/modded_nanogpt_b200/runtime/requirements.direct.txt
typing-extensions==4.16.0 \
    --hash=sha256:481caa481374e813c1b176ada14e97f1f67a4539ce9cfeb3f350d78d6370c2e8 \
    --hash=sha256:dc983d19a509c94dba722ee6abd33940f7c05a89e243c47e907eb4db6f1a43e5
    # via -r experiments/modded_nanogpt_b200/runtime/requirements.direct.txt
